
Microsoft Visual Studio Solution File, Format Version 12.00
# Visual Studio Version 16
VisualStudioVersion = 16.0.30330.147
MinimumVisualStudioVersion = 10.0.40219.1
Project("{FAE04EC0-301F-11D3-BF4B-00C04F79EFBC}") = "mandelbrot", "mandelbrot.csproj", "{EE2AE466-6310-4FC4-BD3B-7235D172CACE}"
EndProject
Global
	GlobalSection(SolutionConfigurationPlatforms) = preSolution
		Debug|Any CPU = Debug|Any CPU
		Release|Any CPU = Release|Any CPU
	EndGlobalSection
	GlobalSection(ProjectConfigurationPlatforms) = postSolution
		{EE2AE466-6310-4FC4-BD3B-7235D172CACE}.Debug|Any CPU.ActiveCfg = Debug|Any CPU
		{EE2AE466-6310-4FC4-BD3B-7235D172CACE}.Debug|Any CPU.Build.0 = Debug|Any CPU
		{EE2AE466-6310-4FC4-BD3B-7235D172CACE}.Release|Any CPU.ActiveCfg = Release|Any CPU
		{EE2AE466-6310-4FC4-BD3B-7235D172CACE}.Release|Any CPU.Build.0 = Release|Any CPU
	EndGlobalSection
	GlobalSection(SolutionProperties) = preSolution
		HideSolutionNode = FALSE
	EndGlobalSection
	GlobalSection(ExtensibilityGlobals) = postSolution
		SolutionGuid = {4CECAF97-BDC8-4D55-8E33-96882EEB9B21}
	EndGlobalSection
EndGlobal
